// !$*UTF8*$!
{
	archiveVersion = 1;
	classes = {
	};
	objectVersion = 50;
	objects = {

/* Begin PBXBuildFile section */
		1836013C22AA14BB005D6582 /* AppDelegate.swift in Sources */ = {isa = PBXBuildFile; fileRef = 1836013B22AA14BB005D6582 /* AppDelegate.swift */; };
		1836013E22AA14BB005D6582 /* ViewController.swift in Sources */ = {isa = PBXBuildFile; fileRef = 1836013D22AA14BB005D6582 /* ViewController.swift */; };
		1836014122AA14BB005D6582 /* Main.storyboard in Resources */ = {isa = PBXBuildFile; fileRef = 1836013F22AA14BB005D6582 /* Main.storyboard */; };
		1836014422AA14BB005D6582 /* CollegeDB.xcdatamodeld in Sources */ = {isa = PBXBuildFile; fileRef = 1836014222AA14BB005D6582 /* CollegeDB.xcdatamodeld */; };
		1836014622AA14BD005D6582 /* Assets.xcassets in Resources */ = {isa = PBXBuildFile; fileRef = 1836014522AA14BD005D6582 /* Assets.xcassets */; };
		1836014922AA14BD005D6582 /* LaunchScreen.storyboard in Resources */ = {isa = PBXBuildFile; fileRef = 1836014722AA14BD005D6582 /* LaunchScreen.storyboard */; };
		1836015122AA16E7005D6582 /* DBManager.swift in Sources */ = {isa = PBXBuildFile; fileRef = 1836015022AA16E7005D6582 /* DBManager.swift */; };
		1836015322AA1941005D6582 /* CollegeEntryTableViewController.swift in Sources */ = {isa = PBXBuildFile; fileRef = 1836015222AA1941005D6582 /* CollegeEntryTableViewController.swift */; };
		1836016C22AB6AD7005D6582 /* Student+CoreDataClass.swift in Sources */ = {isa = PBXBuildFile; fileRef = 1836016822AB6AD7005D6582 /* Student+CoreDataClass.swift */; };
		1836016D22AB6AD7005D6582 /* Student+CoreDataProperties.swift in Sources */ = {isa = PBXBuildFile; fileRef = 1836016922AB6AD7005D6582 /* Student+CoreDataProperties.swift */; };
		1836016E22AB6AD7005D6582 /* College+CoreDataClass.swift in Sources */ = {isa = PBXBuildFile; fileRef = 1836016A22AB6AD7005D6582 /* College+CoreDataClass.swift */; };
		1836016F22AB6AD7005D6582 /* College+CoreDataProperties.swift in Sources */ = {isa = PBXBuildFile; fileRef = 1836016B22AB6AD7005D6582 /* College+CoreDataProperties.swift */; };
		1836017122AB6B35005D6582 /* StudentsViewController.swift in Sources */ = {isa = PBXBuildFile; fileRef = 1836017022AB6B35005D6582 /* StudentsViewController.swift */; };
		A8F5C4BE3DB2D42E9B672854 /* Pods_CollegeDB.framework in Frameworks */ = {isa = PBXBuildFile; fileRef = FF47C9B35F438CFD47E639A0 /* Pods_CollegeDB.framework */; };
/* End PBXBuildFile section */

/* Begin PBXFileReference section */
		17B39B98D8B0F0E7D25D92B1 /* Pods-CollegeDB.release.xcconfig */ = {isa = PBXFileReference; includeInIndex = 1; lastKnownFileType = text.xcconfig; name = "Pods-CollegeDB.release.xcconfig"; path = "Pods/Target Support Files/Pods-CollegeDB/Pods-CollegeDB.release.xcconfig"; sourceTree = "<group>"; };
		1836013822AA14BB005D6582 /* CollegeDB.app */ = {isa = PBXFileReference; explicitFileType = wrapper.application; includeInIndex = 0; path = CollegeDB.app; sourceTree = BUILT_PRODUCTS_DIR; };
		1836013B22AA14BB005D6582 /* AppDelegate.swift */ = {isa = PBXFileReference; lastKnownFileType = sourcecode.swift; path = AppDelegate.swift; sourceTree = "<group>"; };
		1836013D22AA14BB005D6582 /* ViewController.swift */ = {isa = PBXFileReference; lastKnownFileType = sourcecode.swift; path = ViewController.swift; sourceTree = "<group>"; };
		1836014022AA14BB005D6582 /* Base */ = {isa = PBXFileReference; lastKnownFileType = file.storyboard; name = Base; path = Base.lproj/Main.storyboard; sourceTree = "<group>"; };
		1836014322AA14BB005D6582 /* CollegeDB.xcdatamodel */ = {isa = PBXFileReference; lastKnownFileType = wrapper.xcdatamodel; path = CollegeDB.xcdatamodel; sourceTree = "<group>"; };
		1836014522AA14BD005D6582 /* Assets.xcassets */ = {isa = PBXFileReference; lastKnownFileType = folder.assetcatalog; path = Assets.xcassets; sourceTree = "<group>"; };
		1836014822AA14BD005D6582 /* Base */ = {isa = PBXFileReference; lastKnownFileType = file.storyboard; name = Base; path = Base.lproj/LaunchScreen.storyboard; sourceTree = "<group>"; };
		1836014A22AA14BD005D6582 /* Info.plist */ = {isa = PBXFileReference; lastKnownFileType = text.plist.xml; path = Info.plist; sourceTree = "<group>"; };
		1836015022AA16E7005D6582 /* DBManager.swift */ = {isa = PBXFileReference; lastKnownFileType = sourcecode.swift; path = DBManager.swift; sourceTree = "<group>"; };
		1836015222AA1941005D6582 /* CollegeEntryTableViewController.swift */ = {isa = PBXFileReference; lastKnownFileType = sourcecode.swift; path = CollegeEntryTableViewController.swift; sourceTree = "<group>"; };
		1836016822AB6AD7005D6582 /* Student+CoreDataClass.swift */ = {isa = PBXFileReference; lastKnownFileType = sourcecode.swift; path = "Student+CoreDataClass.swift"; sourceTree = "<group>"; };
		1836016922AB6AD7005D6582 /* Student+CoreDataProperties.swift */ = {isa = PBXFileReference; lastKnownFileType = sourcecode.swift; path = "Student+CoreDataProperties.swift"; sourceTree = "<group>"; };
		1836016A22AB6AD7005D6582 /* College+CoreDataClass.swift */ = {isa = PBXFileReference; lastKnownFileType = sourcecode.swift; path = "College+CoreDataClass.swift"; sourceTree = "<group>"; };
		1836016B22AB6AD7005D6582 /* College+CoreDataProperties.swift */ = {isa = PBXFileReference; lastKnownFileType = sourcecode.swift; path = "College+CoreDataProperties.swift"; sourceTree = "<group>"; };
		1836017022AB6B35005D6582 /* StudentsViewController.swift */ = {isa = PBXFileReference; lastKnownFileType = sourcecode.swift; path = StudentsViewController.swift; sourceTree = "<group>"; };
		9EDC0E6AA912B6B18ED74A21 /* Pods-CollegeDB.debug.xcconfig */ = {isa = PBXFileReference; includeInIndex = 1; lastKnownFileType = text.xcconfig; name = "Pods-CollegeDB.debug.xcconfig"; path = "Pods/Target Support Files/Pods-CollegeDB/Pods-CollegeDB.debug.xcconfig"; sourceTree = "<group>"; };
		FF47C9B35F438CFD47E639A0 /* Pods_CollegeDB.framework */ = {isa = PBXFileReference; explicitFileType = wrapper.framework; includeInIndex = 0; path = Pods_CollegeDB.framework; sourceTree = BUILT_PRODUCTS_DIR; };
/* End PBXFileReference section */

/* Begin PBXFrameworksBuildPhase section */
		1836013522AA14BB005D6582 /* Frameworks */ = {
			isa = PBXFrameworksBuildPhase;
			buildActionMask = 2147483647;
			files = (
				A8F5C4BE3DB2D42E9B672854 /* Pods_CollegeDB.framework in Frameworks */,
			);
			runOnlyForDeploymentPostprocessing = 0;
		};
/* End PBXFrameworksBuildPhase section */

/* Begin PBXGroup section */
		1836012F22AA14BB005D6582 = {
			isa = PBXGroup;
			children = (
				1836013A22AA14BB005D6582 /* CollegeDB */,
				1836013922AA14BB005D6582 /* Products */,
				65834262D6FC446984B5FA39 /* Pods */,
				9124FBE8A3EF2A4AA7E074BD /* Frameworks */,
			);
			sourceTree = "<group>";
		};
		1836013922AA14BB005D6582 /* Products */ = {
			isa = PBXGroup;
			children = (
				1836013822AA14BB005D6582 /* CollegeDB.app */,
			);
			name = Products;
			sourceTree = "<group>";
		};
		1836013A22AA14BB005D6582 /* CollegeDB */ = {
			isa = PBXGroup;
			children = (
				1836016822AB6AD7005D6582 /* Student+CoreDataClass.swift */,
				1836016922AB6AD7005D6582 /* Student+CoreDataProperties.swift */,
				1836016A22AB6AD7005D6582 /* College+CoreDataClass.swift */,
				1836016B22AB6AD7005D6582 /* College+CoreDataProperties.swift */,
				1836013B22AA14BB005D6582 /* AppDelegate.swift */,
				1836013D22AA14BB005D6582 /* ViewController.swift */,
				1836015222AA1941005D6582 /* CollegeEntryTableViewController.swift */,
				1836017022AB6B35005D6582 /* StudentsViewController.swift */,
				1836015022AA16E7005D6582 /* DBManager.swift */,
				1836013F22AA14BB005D6582 /* Main.storyboard */,
				1836014522AA14BD005D6582 /* Assets.xcassets */,
				1836014722AA14BD005D6582 /* LaunchScreen.storyboard */,
				1836014A22AA14BD005D6582 /* Info.plist */,
				1836014222AA14BB005D6582 /* CollegeDB.xcdatamodeld */,
			);
			path = CollegeDB;
			sourceTree = "<group>";
		};
		65834262D6FC446984B5FA39 /* Pods */ = {
			isa = PBXGroup;
			children = (
				9EDC0E6AA912B6B18ED74A21 /* Pods-CollegeDB.debug.xcconfig */,
				17B39B98D8B0F0E7D25D92B1 /* Pods-CollegeDB.release.xcconfig */,
			);
			name = Pods;
			sourceTree = "<group>";
		};
		9124FBE8A3EF2A4AA7E074BD /* Frameworks */ = {
			isa = PBXGroup;
			children = (
				FF47C9B35F438CFD47E639A0 /* Pods_CollegeDB.framework */,
			);
			name = Frameworks;
			sourceTree = "<group>";
		};
/* End PBXGroup section */

/* Begin PBXNativeTarget section */
		1836013722AA14BB005D6582 /* CollegeDB */ = {
			isa = PBXNativeTarget;
			buildConfigurationList = 1836014D22AA14BD005D6582 /* Build configuration list for PBXNativeTarget "CollegeDB" */;
			buildPhases = (
				8C5E099940B0443455BBDC96 /* [CP] Check Pods Manifest.lock */,
				1836013422AA14BB005D6582 /* Sources */,
				1836013522AA14BB005D6582 /* Frameworks */,
				1836013622AA14BB005D6582 /* Resources */,
				97068BE31F9669BEFE829653 /* [CP] Embed Pods Frameworks */,
			);
			buildRules = (
			);
			dependencies = (
			);
			name = CollegeDB;
			productName = CollegeDB;
			productReference = 1836013822AA14BB005D6582 /* CollegeDB.app */;
			productType = "com.apple.product-type.application";
		};
/* End PBXNativeTarget section */

/* Begin PBXProject section */
		1836013022AA14BB005D6582 /* Project object */ = {
			isa = PBXProject;
			attributes = {
				LastSwiftUpdateCheck = 1010;
				LastUpgradeCheck = 1010;
				ORGANIZATIONNAME = iOSProofs;
				TargetAttributes = {
					1836013722AA14BB005D6582 = {
						CreatedOnToolsVersion = 10.1;
					};
				};
			};
			buildConfigurationList = 1836013322AA14BB005D6582 /* Build configuration list for PBXProject "CollegeDB" */;
			compatibilityVersion = "Xcode 9.3";
			developmentRegion = en;
			hasScannedForEncodings = 0;
			knownRegions = (
				en,
				Base,
			);
			mainGroup = 1836012F22AA14BB005D6582;
			productRefGroup = 1836013922AA14BB005D6582 /* Products */;
			projectDirPath = "";
			projectRoot = "";
			targets = (
				1836013722AA14BB005D6582 /* CollegeDB */,
			);
		};
/* End PBXProject section */

/* Begin PBXResourcesBuildPhase section */
		1836013622AA14BB005D6582 /* Resources */ = {
			isa = PBXResourcesBuildPhase;
			buildActionMask = 2147483647;
			files = (
				1836014922AA14BD005D6582 /* LaunchScreen.storyboard in Resources */,
				1836014622AA14BD005D6582 /* Assets.xcassets in Resources */,
				1836014122AA14BB005D6582 /* Main.storyboard in Resources */,
			);
			runOnlyForDeploymentPostprocessing = 0;
		};
/* End PBXResourcesBuildPhase section */

/* Begin PBXShellScriptBuildPhase section */
		8C5E099940B0443455BBDC96 /* [CP] Check Pods Manifest.lock */ = {
			isa = PBXShellScriptBuildPhase;
			buildActionMask = 2147483647;
			files = (
			);
			inputFileListPaths = (
			);
			inputPaths = (
				"${PODS_PODFILE_DIR_PATH}/Podfile.lock",
				"${PODS_ROOT}/Manifest.lock",
			);
			name = "[CP] Check Pods Manifest.lock";
			outputFileListPaths = (
			);
			outputPaths = (
				"$(DERIVED_FILE_DIR)/Pods-CollegeDB-checkManifestLockResult.txt",
			);
			runOnlyForDeploymentPostprocessing = 0;
			shellPath = /bin/sh;
			shellScript = "diff \"${PODS_PODFILE_DIR_PATH}/Podfile.lock\" \"${PODS_ROOT}/Manifest.lock\" > /dev/null\nif [ $? != 0 ] ; then\n    # print error to STDERR\n    echo \"error: The sandbox is not in sync with the Podfile.lock. Run 'pod install' or update your CocoaPods installation.\" >&2\n    exit 1\nfi\n# This output is used by Xcode 'outputs' to avoid re-running this script phase.\necho \"SUCCESS\" > \"${SCRIPT_OUTPUT_FILE_0}\"\n";
			showEnvVarsInLog = 0;
		};
		97068BE31F9669BEFE829653 /* [CP] Embed Pods Frameworks */ = {
			isa = PBXShellScriptBuildPhase;
			buildActionMask = 2147483647;
			files = (
			);
			inputFileListPaths = (
			);
			inputPaths = (
				"${SRCROOT}/Pods/Target Support Files/Pods-CollegeDB/Pods-CollegeDB-frameworks.sh",
				"${BUILT_PRODUCTS_DIR}/ProgressHUD/ProgressHUD.framework",
			);
			name = "[CP] Embed Pods Frameworks";
			outputFileListPaths = (
			);
			outputPaths = (
				"${TARGET_BUILD_DIR}/${FRAMEWORKS_FOLDER_PATH}/ProgressHUD.framework",
			);
			runOnlyForDeploymentPostprocessing = 0;
			shellPath = /bin/sh;
			shellScript = "\"${SRCROOT}/Pods/Target Support Files/Pods-CollegeDB/Pods-CollegeDB-frameworks.sh\"\n";
			showEnvVarsInLog = 0;
		};
/* End PBXShellScriptBuildPhase section */

/* Begin PBXSourcesBuildPhase section */
		1836013422AA14BB005D6582 /* Sources */ = {
			isa = PBXSourcesBuildPhase;
			buildActionMask = 2147483647;
			files = (
				1836013E22AA14BB005D6582 /* ViewController.swift in Sources */,
				1836016C22AB6AD7005D6582 /* Student+CoreDataClass.swift in Sources */,
				1836013C22AA14BB005D6582 /* AppDelegate.swift in Sources */,
				1836015322AA1941005D6582 /* CollegeEntryTableViewController.swift in Sources */,
				1836016F22AB6AD7005D6582 /* College+CoreDataProperties.swift in Sources */,
				1836014422AA14BB005D6582 /* CollegeDB.xcdatamodeld in Sources */,
				1836016E22AB6AD7005D6582 /* College+CoreDataClass.swift in Sources */,
				1836015122AA16E7005D6582 /* DBManager.swift in Sources */,
				1836017122AB6B35005D6582 /* StudentsViewController.swift in Sources */,
				1836016D22AB6AD7005D6582 /* Student+CoreDataProperties.swift in Sources */,
			);
			runOnlyForDeploymentPostprocessing = 0;
		};
/* End PBXSourcesBuildPhase section */

/* Begin PBXVariantGroup section */
		1836013F22AA14BB005D6582 /* Main.storyboard */ = {
			isa = PBXVariantGroup;
			children = (
				1836014022AA14BB005D6582 /* Base */,
			);
			name = Main.storyboard;
			sourceTree = "<group>";
		};
		1836014722AA14BD005D6582 /* LaunchScreen.storyboard */ = {
			isa = PBXVariantGroup;
			children = (
				1836014822AA14BD005D6582 /* Base */,
			);
			name = LaunchScreen.storyboard;
			sourceTree = "<group>";
		};
/* End PBXVariantGroup section */

/* Begin XCBuildConfiguration section */
		1836014B22AA14BD005D6582 /* Debug */ = {
			isa = XCBuildConfiguration;
			buildSettings = {
				ALWAYS_SEARCH_USER_PATHS = NO;
				CLANG_ANALYZER_NONNULL = YES;
				CLANG_ANALYZER_NUMBER_OBJECT_CONVERSION = YES_AGGRESSIVE;
				CLANG_CXX_LANGUAGE_STANDARD = "gnu++14";
				CLANG_CXX_LIBRARY = "libc++";
				CLANG_ENABLE_MODULES = YES;
				CLANG_ENABLE_OBJC_ARC = YES;
				CLANG_ENABLE_OBJC_WEAK = YES;
				CLANG_WARN_BLOCK_CAPTURE_AUTORELEASING = YES;
				CLANG_WARN_BOOL_CONVERSION = YES;
				CLANG_WARN_COMMA = YES;
				CLANG_WARN_CONSTANT_CONVERSION = YES;
				CLANG_WARN_DEPRECATED_OBJC_IMPLEMENTATIONS = YES;
				CLANG_WARN_DIRECT_OBJC_ISA_USAGE = YES_ERROR;
				CLANG_WARN_DOCUMENTATION_COMMENTS = YES;
				CLANG_WARN_EMPTY_BODY = YES;
				CLANG_WARN_ENUM_CONVERSION = YES;
				CLANG_WARN_INFINITE_RECURSION = YES;
				CLANG_WARN_INT_CONVERSION = YES;
				CLANG_WARN_NON_LITERAL_NULL_CONVERSION = YES;
				CLANG_WARN_OBJC_IMPLICIT_RETAIN_SELF = YES;
				CLANG_WARN_OBJC_LITERAL_CONVERSION = YES;
				CLANG_WARN_OBJC_ROOT_CLASS = YES_ERROR;
				CLANG_WARN_RANGE_LOOP_ANALYSIS = YES;
				CLANG_WARN_STRICT_PROTOTYPES = YES;
				CLANG_WARN_SUSPICIOUS_MOVE = YES;
				CLANG_WARN_UNGUARDED_AVAILABILITY = YES_AGGRESSIVE;
				CLANG_WARN_UNREACHABLE_CODE = YES;
				CLANG_WARN__DUPLICATE_METHOD_MATCH = YES;
				CODE_SIGN_IDENTITY = "iPhone Developer";
				COPY_PHASE_STRIP = NO;
				DEBUG_INFORMATION_FORMAT = dwarf;
				ENABLE_STRICT_OBJC_MSGSEND = YES;
				ENABLE_TESTABILITY = YES;
				GCC_C_LANGUAGE_STANDARD = gnu11;
				GCC_DYNAMIC_NO_PIC = NO;
				GCC_NO_COMMON_BLOCKS = YES;
				GCC_OPTIMIZATION_LEVEL = 0;
				GCC_PREPROCESSOR_DEFINITIONS = (
					"DEBUG=1",
					"$(inherited)",
				);
				GCC_WARN_64_TO_32_BIT_CONVERSION = YES;
				GCC_WARN_ABOUT_RETURN_TYPE = YES_ERROR;
				GCC_WARN_UNDECLARED_SELECTOR = YES;
				GCC_WARN_UNINITIALIZED_AUTOS = YES_AGGRESSIVE;
				GCC_WARN_UNUSED_FUNCTION = YES;
				GCC_WARN_UNUSED_VARIABLE = YES;
				IPHONEOS_DEPLOYMENT_TARGET = 12.1;
				MTL_ENABLE_DEBUG_INFO = INCLUDE_SOURCE;
				MTL_FAST_MATH = YES;
				ONLY_ACTIVE_ARCH = YES;
				SDKROOT = iphoneos;
				SWIFT_ACTIVE_COMPILATION_CONDITIONS = DEBUG;
				SWIFT_OPTIMIZATION_LEVEL = "-Onone";
			};
			name = Debug;
		};
		1836014C22AA14BD005D6582 /* Release */ = {
			isa = XCBuildConfiguration;
			buildSettings = {
				ALWAYS_SEARCH_USER_PATHS = NO;
				CLANG_ANALYZER_NONNULL = YES;
				CLANG_ANALYZER_NUMBER_OBJECT_CONVERSION = YES_AGGRESSIVE;
				CLANG_CXX_LANGUAGE_STANDARD = "gnu++14";
				CLANG_CXX_LIBRARY = "libc++";
				CLANG_ENABLE_MODULES = YES;
				CLANG_ENABLE_OBJC_ARC = YES;
				CLANG_ENABLE_OBJC_WEAK = YES;
				CLANG_WARN_BLOCK_CAPTURE_AUTORELEASING = YES;
				CLANG_WARN_BOOL_CONVERSION = YES;
				CLANG_WARN_COMMA = YES;
				CLANG_WARN_CONSTANT_CONVERSION = YES;
				CLANG_WARN_DEPRECATED_OBJC_IMPLEMENTATIONS = YES;
				CLANG_WARN_DIRECT_OBJC_ISA_USAGE = YES_ERROR;
				CLANG_WARN_DOCUMENTATION_COMMENTS = YES;
				CLANG_WARN_EMPTY_BODY = YES;
				CLANG_WARN_ENUM_CONVERSION = YES;
				CLANG_WARN_INFINITE_RECURSION = YES;
				CLANG_WARN_INT_CONVERSION = YES;
				CLANG_WARN_NON_LITERAL_NULL_CONVERSION = YES;
				CLANG_WARN_OBJC_IMPLICIT_RETAIN_SELF = YES;
				CLANG_WARN_OBJC_LITERAL_CONVERSION = YES;
				CLANG_WARN_OBJC_ROOT_CLASS = YES_ERROR;
				CLANG_WARN_RANGE_LOOP_ANALYSIS = YES;
				CLANG_WARN_STRICT_PROTOTYPES = YES;
				CLANG_WARN_SUSPICIOUS_MOVE = YES;
				CLANG_WARN_UNGUARDED_AVAILABILITY = YES_AGGRESSIVE;
				CLANG_WARN_UNREACHABLE_CODE = YES;
				CLANG_WARN__DUPLICATE_METHOD_MATCH = YES;
				CODE_SIGN_IDENTITY = "iPhone Developer";
				COPY_PHASE_STRIP = NO;
				DEBUG_INFORMATION_FORMAT = "dwarf-with-dsym";
				ENABLE_NS_ASSERTIONS = NO;
				ENABLE_STRICT_OBJC_MSGSEND = YES;
				GCC_C_LANGUAGE_STANDARD = gnu11;
				GCC_NO_COMMON_BLOCKS = YES;
				GCC_WARN_64_TO_32_BIT_CONVERSION = YES;
				GCC_WARN_ABOUT_RETURN_TYPE = YES_ERROR;
				GCC_WARN_UNDECLARED_SELECTOR = YES;
				GCC_WARN_UNINITIALIZED_AUTOS = YES_AGGRESSIVE;
				GCC_WARN_UNUSED_FUNCTION = YES;
				GCC_WARN_UNUSED_VARIABLE = YES;
				IPHONEOS_DEPLOYMENT_TARGET = 12.1;
				MTL_ENABLE_DEBUG_INFO = NO;
				MTL_FAST_MATH = YES;
				SDKROOT = iphoneos;
				SWIFT_COMPILATION_MODE = wholemodule;
				SWIFT_OPTIMIZATION_LEVEL = "-O";
				VALIDATE_PRODUCT = YES;
			};
			name = Release;
		};
		1836014E22AA14BD005D6582 /* Debug */ = {
			isa = XCBuildConfiguration;
			baseConfigurationReference = 9EDC0E6AA912B6B18ED74A21 /* Pods-CollegeDB.debug.xcconfig */;
			buildSettings = {
				ASSETCATALOG_COMPILER_APPICON_NAME = AppIcon;
				CODE_SIGN_STYLE = Automatic;
				INFOPLIST_FILE = CollegeDB/Info.plist;
				LD_RUNPATH_SEARCH_PATHS = (
					"$(inherited)",
					"@executable_path/Frameworks",
				);
				PRODUCT_BUNDLE_IDENTIFIER = com.dnreddy.Huddl.CollegeDB;
				PRODUCT_NAME = "$(TARGET_NAME)";
				SWIFT_VERSION = 4.2;
				TARGETED_DEVICE_FAMILY = "1,2";
			};
			name = Debug;
		};
		1836014F22AA14BD005D6582 /* Release */ = {
			isa = XCBuildConfiguration;
			baseConfigurationReference = 17B39B98D8B0F0E7D25D92B1 /* Pods-CollegeDB.release.xcconfig */;
			buildSettings = {
				ASSETCATALOG_COMPILER_APPICON_NAME = AppIcon;
				CODE_SIGN_STYLE = Automatic;
				INFOPLIST_FILE = CollegeDB/Info.plist;
				LD_RUNPATH_SEARCH_PATHS = (
					"$(inherited)",
					"@executable_path/Frameworks",
				);
				PRODUCT_BUNDLE_IDENTIFIER = com.dnreddy.Huddl.CollegeDB;
				PRODUCT_NAME = "$(TARGET_NAME)";
				SWIFT_VERSION = 4.2;
				TARGETED_DEVICE_FAMILY = "1,2";
			};
			name = Release;
		};
/* End XCBuildConfiguration section */

/* Begin XCConfigurationList section */
		1836013322AA14BB005D6582 /* Build configuration list for PBXProject "CollegeDB" */ = {
			isa = XCConfigurationList;
			buildConfigurations = (
				1836014B22AA14BD005D6582 /* Debug */,
				1836014C22AA14BD005D6582 /* Release */,
			);
			defaultConfigurationIsVisible = 0;
			defaultConfigurationName = Release;
		};
		1836014D22AA14BD005D6582 /* Build configuration list for PBXNativeTarget "CollegeDB" */ = {
			isa = XCConfigurationList;
			buildConfigurations = (
				1836014E22AA14BD005D6582 /* Debug */,
				1836014F22AA14BD005D6582 /* Release */,
			);
			defaultConfigurationIsVisible = 0;
			defaultConfigurationName = Release;
		};
/* End XCConfigurationList section */

/* Begin XCVersionGroup section */
		1836014222AA14BB005D6582 /* CollegeDB.xcdatamodeld */ = {
			isa = XCVersionGroup;
			children = (
				1836014322AA14BB005D6582 /* CollegeDB.xcdatamodel */,
			);
			currentVersion = 1836014322AA14BB005D6582 /* CollegeDB.xcdatamodel */;
			path = CollegeDB.xcdatamodeld;
			sourceTree = "<group>";
			versionGroupType = wrapper.xcdatamodel;
		};
/* End XCVersionGroup section */
	};
	rootObject = 1836013022AA14BB005D6582 /* Project object */;
}
